{
  "name": "package",
  "version": "1.0.0",
  "lockfileVersion": 2,
  "requires": true,
  "packages": {
    "express@4.17.1": {
      "version": "4.17.1",
      "resolved": "http://localhost:4000/express@4.17.1",
      "integrity": "33ee5129d28892a9787be133e6f655a92b283f38a4b84c287de5e285b90ae546",
      "dependencies": {}
    }
  }
}