{
  "name": "package",
  "version": "1.0.0",
  "lockfileVersion": 2,
  "requires": true,
  "packages": {
    "app-utils@1.0.0": {
      "version": "1.0.0",
      "resolved": "http://localhost:4000/app-utils@1.0.0",
      "integrity": "7d0c317fc2f14a58e5c6c5d91983ca622910966da705911eeff10f32a1caf72a",
      "dependencies": {}
    },
    "express@4.17.1": {
      "version": "4.17.1",
      "resolved": "http://localhost:4000/express@4.17.1",
      "integrity": "96e486a70c64819fa78a74a5dbe1d6ede00cd11a0c05e9cb7e6b06f5e937fa2b",
      "dependencies": {}
    },
    "lodash@4.17.21": {
      "version": "4.17.21",
      "resolved": "http://localhost:4000/lodash@4.17.21",
      "integrity": "7255aa4ce2b85c25c4a71607a432929f867663f23bbd9ec12a46f3fe04140ec4",
      "dependencies": {}
    },
    "web-app@2.0.0": {
      "version": "2.0.0",
      "resolved": "http://localhost:4000/web-app@2.0.0",
      "integrity": "7ce28c2e09360d9402a6fab90db8b7b555670e3f81db67c50ffef0616bf1e939",
      "dependencies": {}
    }
  }
}