{
  "name": "package",
  "version": "1.0.0",
  "lockfileVersion": 1,
  "requires": true,
  "packages": {
    "lodash@4.17.21": {
      "version": "4.17.21"
    },
    "app-utils@1.0.0": {
      "version": "1.0.0"
    },
    "express@4.17.1": {
      "version": "4.17.1"
    },
    "web-app@2.0.0": {
      "version": "2.0.0",
      "integrity": " sha256:21_21 "
    },
    "semver-lib@1.0.0": {
      "version": "1.0.0",
      "integrity": " sha256:24_24 "
    },
    "semver-lib@2.1.0": {
      "version": "2.1.0",
      "integrity": " sha256:24_24 "
    },
    "semver-lib@1.2.0": {
      "version": "1.2.0",
      "integrity": " sha256:24_24 "
    },
    "semver-lib@1.1.0": {
      "version": "1.1.0",
      "integrity": " sha256:24_24 "
    }
  }
}